
Microsoft Visual Studio Solution File, Format Version 12.00
# Visual Studio Version 17
VisualStudioVersion = 17.11.35312.102
MinimumVisualStudioVersion = 10.0.40219.1
Project("{FAE04EC0-301F-11D3-BF4B-00C04F79EFBC}") = "CookiesCookbook", "CookiesCookbook\CookiesCookbook.csproj", "{6A8CFD78-F148-412A-A99C-83C421C20892}"
EndProject
Global
	GlobalSection(SolutionConfigurationPlatforms) = preSolution
		Debug|Any CPU = Debug|Any CPU
		Release|Any CPU = Release|Any CPU
	EndGlobalSection
	GlobalSection(ProjectConfigurationPlatforms) = postSolution
		{6A8CFD78-F148-412A-A99C-83C421C20892}.Debug|Any CPU.ActiveCfg = Debug|Any CPU
		{6A8CFD78-F148-412A-A99C-83C421C20892}.Debug|Any CPU.Build.0 = Debug|Any CPU
		{6A8CFD78-F148-412A-A99C-83C421C20892}.Release|Any CPU.ActiveCfg = Release|Any CPU
		{6A8CFD78-F148-412A-A99C-83C421C20892}.Release|Any CPU.Build.0 = Release|Any CPU
	EndGlobalSection
	GlobalSection(SolutionProperties) = preSolution
		HideSolutionNode = FALSE
	EndGlobalSection
	GlobalSection(ExtensibilityGlobals) = postSolution
		SolutionGuid = {56775C4F-8F45-4144-A4A9-8DE25BA1B645}
	EndGlobalSection
EndGlobal
